{
  "version": 1,
  "dependencies": {
    "net10.0": {
      "riftward.platform": {
        "type": "Project"
      },
      "riftward.save": {
        "type": "Project",
        "dependencies": {
          "Riftward.Simulation": "[1.0.0, )"
        }
      },
      "riftward.simulation": {
        "type": "Project"
      }
    }
  }
}