{
  "version": 1,
  "dependencies": {
    "net10.0": {
      "FSharp.Core": {
        "type": "Direct",
        "requested": "[10.0.110, )",
        "resolved": "10.0.110",
        "contentHash": "JZrIO0ZvPlTSuMAgxiXD1zvS3XAKzZF0VfneJ9jiS0dkf9zJQ1zPLFRd1CJdssWW0ymmhX3CuR4VJjgOk42r/A=="
      },
      "Humanizer.Core": {
        "type": "Transitive",
        "resolved": "3.0.1",
        "contentHash": "scB3+KcxNmEjZK5V8rKCW2gIiL8m8KH91w14FuuExyhi9xTyAJ+jr+DDxGdy12mHmioe2uvjxTfMgM7WmSUFlw=="
      },
      "Json.More.Net": {
        "type": "Transitive",
        "resolved": "2.2.0",
        "contentHash": "fiyEZJNgiCzDa7/N9bZ+CnM5qnawyJ54+CkHNZ2svwxWBWNNFzydJ7RlroqMdOjokGBiLcKIxdajNvOklzlYqQ=="
      },
      "JsonPointer.Net": {
        "type": "Transitive",
        "resolved": "6.0.1",
        "contentHash": "EbSJkd/1y9r0WBIptjUctA6BzjgKh1aNU/g6QGgdMZVZ8wc0S/ysQhfiQerP9/VFTeENFHFdCQaoOk9fZqwnFQ==",
        "dependencies": {
          "Humanizer.Core": "3.0.1",
          "Json.More.Net": "2.2.0"
        }
      },
      "JsonSchema.Net": {
        "type": "Transitive",
        "resolved": "8.0.5",
        "contentHash": "QoEqdoAUgAkbzuFAiHySjGuh8lJs8L8DxkEDGJLEebtlZ6+EbEr0wmYlidErSS2ASNFOModueb83DLNIRLqshg==",
        "dependencies": {
          "JsonPointer.Net": "6.0.1"
        }
      },
      "riftharness": {
        "type": "Project",
        "dependencies": {
          "FSharp.Core": "[10.0.110, )",
          "JsonSchema.Net": "[8.0.5, 8.0.5]"
        }
      },
      "riftward.platform": {
        "type": "Project"
      }
    }
  }
}