{
  "version": 1,
  "dependencies": {
    "net10.0": {
      "FSharp.Core": {
        "type": "Direct",
        "requested": "[10.0.110, )",
        "resolved": "10.0.110",
        "contentHash": "JZrIO0ZvPlTSuMAgxiXD1zvS3XAKzZF0VfneJ9jiS0dkf9zJQ1zPLFRd1CJdssWW0ymmhX3CuR4VJjgOk42r/A=="
      },
      "riftharness": {
        "type": "Project",
        "dependencies": {
          "FSharp.Core": "[10.0.110, )"
        }
      }
    }
  }
}